
Microsoft Visual Studio Solution File, Format Version 12.00
# Visual Studio 15
VisualStudioVersion = 15.0.26730.10
MinimumVisualStudioVersion = 10.0.40219.1
Project("{FAE04EC0-301F-11D3-BF4B-00C04F79EFBC}") = "WordCount", "WordCount\WordCount.csproj", "{FD7931AD-A777-445F-99ED-A6A223045E4B}"
EndProject
Project("{FAE04EC0-301F-11D3-BF4B-00C04F79EFBC}") = "WordCount.Tests", "WordCount.Tests\WordCount.Tests.csproj", "{F2106413-1212-4A49-A415-8D543C53E9A3}"
EndProject
Global
	GlobalSection(SolutionConfigurationPlatforms) = preSolution
		Debug|Any CPU = Debug|Any CPU
		Release|Any CPU = Release|Any CPU
	EndGlobalSection
	GlobalSection(ProjectConfigurationPlatforms) = postSolution
		{FD7931AD-A777-445F-99ED-A6A223045E4B}.Debug|Any CPU.ActiveCfg = Debug|Any CPU
		{FD7931AD-A777-445F-99ED-A6A223045E4B}.Debug|Any CPU.Build.0 = Debug|Any CPU
		{FD7931AD-A777-445F-99ED-A6A223045E4B}.Release|Any CPU.ActiveCfg = Release|Any CPU
		{FD7931AD-A777-445F-99ED-A6A223045E4B}.Release|Any CPU.Build.0 = Release|Any CPU
		{F2106413-1212-4A49-A415-8D543C53E9A3}.Debug|Any CPU.ActiveCfg = Debug|Any CPU
		{F2106413-1212-4A49-A415-8D543C53E9A3}.Debug|Any CPU.Build.0 = Debug|Any CPU
		{F2106413-1212-4A49-A415-8D543C53E9A3}.Release|Any CPU.ActiveCfg = Release|Any CPU
		{F2106413-1212-4A49-A415-8D543C53E9A3}.Release|Any CPU.Build.0 = Release|Any CPU
	EndGlobalSection
	GlobalSection(SolutionProperties) = preSolution
		HideSolutionNode = FALSE
	EndGlobalSection
	GlobalSection(ExtensibilityGlobals) = postSolution
		SolutionGuid = {896D64BC-BF77-4CEF-ABD5-41C5A024519E}
	EndGlobalSection
EndGlobal
